
Microsoft Visual Studio Solution File, Format Version 12.00
# Visual Studio 14
VisualStudioVersion = 14.0.24720.0
MinimumVisualStudioVersion = 10.0.40219.1
Project("{FAE04EC0-301F-11D3-BF4B-00C04F79EFBC}") = "CyclingPowerEstimation", "CyclingPowerEstimation\CyclingPowerEstimation.csproj", "{552D1A95-4F6D-47EA-93D0-FBA0AB79FF9C}"
EndProject
Project("{FAE04EC0-301F-11D3-BF4B-00C04F79EFBC}") = "CyclingPowerEstimationUnitTests", "CyclingPowerEstimationUnitTests\CyclingPowerEstimationUnitTests.csproj", "{F4E7CCBB-A821-4B3D-AED9-30AD62E0F789}"
EndProject
Project("{FAE04EC0-301F-11D3-BF4B-00C04F79EFBC}") = "CyclingPowerEstimation.Tests", "CyclingPowerEstimation.Tests\CyclingPowerEstimation.Tests.csproj", "{2217E9FB-B0B9-4020-8AF8-A953CDA6F654}"
EndProject
Global
	GlobalSection(SolutionConfigurationPlatforms) = preSolution
		Debug|Any CPU = Debug|Any CPU
		Release|Any CPU = Release|Any CPU
	EndGlobalSection
	GlobalSection(ProjectConfigurationPlatforms) = postSolution
		{552D1A95-4F6D-47EA-93D0-FBA0AB79FF9C}.Debug|Any CPU.ActiveCfg = Debug|Any CPU
		{552D1A95-4F6D-47EA-93D0-FBA0AB79FF9C}.Debug|Any CPU.Build.0 = Debug|Any CPU
		{552D1A95-4F6D-47EA-93D0-FBA0AB79FF9C}.Release|Any CPU.ActiveCfg = Release|Any CPU
		{552D1A95-4F6D-47EA-93D0-FBA0AB79FF9C}.Release|Any CPU.Build.0 = Release|Any CPU
		{F4E7CCBB-A821-4B3D-AED9-30AD62E0F789}.Debug|Any CPU.ActiveCfg = Debug|Any CPU
		{F4E7CCBB-A821-4B3D-AED9-30AD62E0F789}.Debug|Any CPU.Build.0 = Debug|Any CPU
		{F4E7CCBB-A821-4B3D-AED9-30AD62E0F789}.Release|Any CPU.ActiveCfg = Release|Any CPU
		{F4E7CCBB-A821-4B3D-AED9-30AD62E0F789}.Release|Any CPU.Build.0 = Release|Any CPU
		{2217E9FB-B0B9-4020-8AF8-A953CDA6F654}.Debug|Any CPU.ActiveCfg = Debug|Any CPU
		{2217E9FB-B0B9-4020-8AF8-A953CDA6F654}.Debug|Any CPU.Build.0 = Debug|Any CPU
		{2217E9FB-B0B9-4020-8AF8-A953CDA6F654}.Release|Any CPU.ActiveCfg = Release|Any CPU
		{2217E9FB-B0B9-4020-8AF8-A953CDA6F654}.Release|Any CPU.Build.0 = Release|Any CPU
	EndGlobalSection
	GlobalSection(SolutionProperties) = preSolution
		HideSolutionNode = FALSE
	EndGlobalSection
EndGlobal
